
Microsoft Visual Studio Solution File, Format Version 12.00
# Visual Studio Version 16
VisualStudioVersion = 16.0.30907.101
MinimumVisualStudioVersion = 10.0.40219.1
Project("{FAE04EC0-301F-11D3-BF4B-00C04F79EFBC}") = "Listner", "Listner.csproj", "{43ABF493-9D66-4054-B71A-01B1FCE3C253}"
EndProject
Global
	GlobalSection(SolutionConfigurationPlatforms) = preSolution
		Debug|Any CPU = Debug|Any CPU
		Release|Any CPU = Release|Any CPU
	EndGlobalSection
	GlobalSection(ProjectConfigurationPlatforms) = postSolution
		{43ABF493-9D66-4054-B71A-01B1FCE3C253}.Debug|Any CPU.ActiveCfg = Debug|Any CPU
		{43ABF493-9D66-4054-B71A-01B1FCE3C253}.Debug|Any CPU.Build.0 = Debug|Any CPU
		{43ABF493-9D66-4054-B71A-01B1FCE3C253}.Release|Any CPU.ActiveCfg = Release|Any CPU
		{43ABF493-9D66-4054-B71A-01B1FCE3C253}.Release|Any CPU.Build.0 = Release|Any CPU
	EndGlobalSection
	GlobalSection(SolutionProperties) = preSolution
		HideSolutionNode = FALSE
	EndGlobalSection
	GlobalSection(ExtensibilityGlobals) = postSolution
		SolutionGuid = {C8B7165D-B3C9-4FB8-A3EA-291051B6A7EF}
	EndGlobalSection
EndGlobal
