
Microsoft Visual Studio Solution File, Format Version 12.00
# Visual Studio Version 16
VisualStudioVersion = 16.0.30907.101
MinimumVisualStudioVersion = 10.0.40219.1
Project("{FAE04EC0-301F-11D3-BF4B-00C04F79EFBC}") = "HL7Listener1", "HL7Listener1.csproj", "{599B8192-5908-42E2-ACA4-C2C4BD26B30D}"
EndProject
Global
	GlobalSection(SolutionConfigurationPlatforms) = preSolution
		Debug|Any CPU = Debug|Any CPU
		Release|Any CPU = Release|Any CPU
	EndGlobalSection
	GlobalSection(ProjectConfigurationPlatforms) = postSolution
		{599B8192-5908-42E2-ACA4-C2C4BD26B30D}.Debug|Any CPU.ActiveCfg = Debug|Any CPU
		{599B8192-5908-42E2-ACA4-C2C4BD26B30D}.Debug|Any CPU.Build.0 = Debug|Any CPU
		{599B8192-5908-42E2-ACA4-C2C4BD26B30D}.Release|Any CPU.ActiveCfg = Release|Any CPU
		{599B8192-5908-42E2-ACA4-C2C4BD26B30D}.Release|Any CPU.Build.0 = Release|Any CPU
	EndGlobalSection
	GlobalSection(SolutionProperties) = preSolution
		HideSolutionNode = FALSE
	EndGlobalSection
	GlobalSection(ExtensibilityGlobals) = postSolution
		SolutionGuid = {BF89B071-E3F5-4949-9590-3593D769264E}
	EndGlobalSection
EndGlobal
